// !$*UTF8*$!
{
	archiveVersion = 1;
	classes = {
	};
	objectVersion = 46;
	objects = {

/* Begin PBXBuildFile section */
		4AAB95E21ABE495C000BC584 /* main.m in Sources */ = {isa = PBXBuildFile; fileRef = 4AAB95E11ABE495C000BC584 /* main.m */; };
		4AAB95E51ABE495C000BC584 /* AppDelegate.m in Sources */ = {isa = PBXBuildFile; fileRef = 4AAB95E41ABE495C000BC584 /* AppDelegate.m */; };
		4AAB95E81ABE495C000BC584 /* ViewController.m in Sources */ = {isa = PBXBuildFile; fileRef = 4AAB95E71ABE495C000BC584 /* ViewController.m */; };
		4AAB95EB1ABE495C000BC584 /* Main.storyboard in Resources */ = {isa = PBXBuildFile; fileRef = 4AAB95E91ABE495C000BC584 /* Main.storyboard */; };
		4AAB95ED1ABE495C000BC584 /* Images.xcassets in Resources */ = {isa = PBXBuildFile; fileRef = 4AAB95EC1ABE495C000BC584 /* Images.xcassets */; };
		4AAB95F01ABE495C000BC584 /* LaunchScreen.xib in Resources */ = {isa = PBXBuildFile; fileRef = 4AAB95EE1ABE495C000BC584 /* LaunchScreen.xib */; };
		4AAB95FC1ABE495C000BC584 /* ParserSampleTests.m in Sources */ = {isa = PBXBuildFile; fileRef = 4AAB95FB1ABE495C000BC584 /* ParserSampleTests.m */; };
/* End PBXBuildFile section */

/* Begin PBXContainerItemProxy section */
		4AAB95F61ABE495C000BC584 /* PBXContainerItemProxy */ = {
			isa = PBXContainerItemProxy;
			containerPortal = 4AAB95D41ABE495C000BC584 /* Project object */;
			proxyType = 1;
			remoteGlobalIDString = 4AAB95DB1ABE495C000BC584;
			remoteInfo = ParserSample;
		};
/* End PBXContainerItemProxy section */

/* Begin PBXFileReference section */
		4AAB95DC1ABE495C000BC584 /* ParserSample.app */ = {isa = PBXFileReference; explicitFileType = wrapper.application; includeInIndex = 0; path = ParserSample.app; sourceTree = BUILT_PRODUCTS_DIR; };
		4AAB95E01ABE495C000BC584 /* Info.plist */ = {isa = PBXFileReference; lastKnownFileType = text.plist.xml; path = Info.plist; sourceTree = "<group>"; };
		4AAB95E11ABE495C000BC584 /* main.m */ = {isa = PBXFileReference; lastKnownFileType = sourcecode.c.objc; path = main.m; sourceTree = "<group>"; };
		4AAB95E31ABE495C000BC584 /* AppDelegate.h */ = {isa = PBXFileReference; lastKnownFileType = sourcecode.c.h; path = AppDelegate.h; sourceTree = "<group>"; };
		4AAB95E41ABE495C000BC584 /* AppDelegate.m */ = {isa = PBXFileReference; lastKnownFileType = sourcecode.c.objc; path = AppDelegate.m; sourceTree = "<group>"; };
		4AAB95E61ABE495C000BC584 /* ViewController.h */ = {isa = PBXFileReference; lastKnownFileType = sourcecode.c.h; name = ViewController.h; path = ParserSample/ViewController.h; sourceTree = "<group>"; };
		4AAB95E71ABE495C000BC584 /* ViewController.m */ = {isa = PBXFileReference; lastKnownFileType = sourcecode.c.objc; name = ViewController.m; path = ParserSample/ViewController.m; sourceTree = "<group>"; };
		4AAB95EA1ABE495C000BC584 /* Base */ = {isa = PBXFileReference; lastKnownFileType = file.storyboard; name = Base; path = Base.lproj/Main.storyboard; sourceTree = "<group>"; };
		4AAB95EC1ABE495C000BC584 /* Images.xcassets */ = {isa = PBXFileReference; lastKnownFileType = folder.assetcatalog; path = Images.xcassets; sourceTree = "<group>"; };
		4AAB95EF1ABE495C000BC584 /* Base */ = {isa = PBXFileReference; lastKnownFileType = file.xib; name = Base; path = Base.lproj/LaunchScreen.xib; sourceTree = "<group>"; };
		4AAB95F51ABE495C000BC584 /* ParserSampleTests.xctest */ = {isa = PBXFileReference; explicitFileType = wrapper.cfbundle; includeInIndex = 0; path = ParserSampleTests.xctest; sourceTree = BUILT_PRODUCTS_DIR; };
		4AAB95FA1ABE495C000BC584 /* Info.plist */ = {isa = PBXFileReference; lastKnownFileType = text.plist.xml; path = Info.plist; sourceTree = "<group>"; };
		4AAB95FB1ABE495C000BC584 /* ParserSampleTests.m */ = {isa = PBXFileReference; lastKnownFileType = sourcecode.c.objc; path = ParserSampleTests.m; sourceTree = "<group>"; };
/* End PBXFileReference section */

/* Begin PBXFrameworksBuildPhase section */
		4AAB95D91ABE495C000BC584 /* Frameworks */ = {
			isa = PBXFrameworksBuildPhase;
			buildActionMask = 2147483647;
			files = (
			);
			runOnlyForDeploymentPostprocessing = 0;
		};
		4AAB95F21ABE495C000BC584 /* Frameworks */ = {
			isa = PBXFrameworksBuildPhase;
			buildActionMask = 2147483647;
			files = (
			);
			runOnlyForDeploymentPostprocessing = 0;
		};
/* End PBXFrameworksBuildPhase section */

/* Begin PBXGroup section */
		4AAB95D31ABE495C000BC584 = {
			isa = PBXGroup;
			children = (
				4AAB966C1ABE7B36000BC584 /* ViewController */,
				4AAB966B1ABE7B22000BC584 /* View */,
				4AAB95DE1ABE495C000BC584 /* ParserSample */,
				4AAB95F81ABE495C000BC584 /* ParserSampleTests */,
				4AAB95DD1ABE495C000BC584 /* Products */,
			);
			sourceTree = "<group>";
		};
		4AAB95DD1ABE495C000BC584 /* Products */ = {
			isa = PBXGroup;
			children = (
				4AAB95DC1ABE495C000BC584 /* ParserSample.app */,
				4AAB95F51ABE495C000BC584 /* ParserSampleTests.xctest */,
			);
			name = Products;
			sourceTree = "<group>";
		};
		4AAB95DE1ABE495C000BC584 /* ParserSample */ = {
			isa = PBXGroup;
			children = (
				4AAB95E31ABE495C000BC584 /* AppDelegate.h */,
				4AAB95E41ABE495C000BC584 /* AppDelegate.m */,
				4AAB95EC1ABE495C000BC584 /* Images.xcassets */,
				4AAB95DF1ABE495C000BC584 /* Supporting Files */,
			);
			path = ParserSample;
			sourceTree = "<group>";
		};
		4AAB95DF1ABE495C000BC584 /* Supporting Files */ = {
			isa = PBXGroup;
			children = (
				4AAB95E01ABE495C000BC584 /* Info.plist */,
				4AAB95E11ABE495C000BC584 /* main.m */,
			);
			name = "Supporting Files";
			sourceTree = "<group>";
		};
		4AAB95F81ABE495C000BC584 /* ParserSampleTests */ = {
			isa = PBXGroup;
			children = (
				4AAB95FB1ABE495C000BC584 /* ParserSampleTests.m */,
				4AAB95F91ABE495C000BC584 /* Supporting Files */,
			);
			path = ParserSampleTests;
			sourceTree = "<group>";
		};
		4AAB95F91ABE495C000BC584 /* Supporting Files */ = {
			isa = PBXGroup;
			children = (
				4AAB95FA1ABE495C000BC584 /* Info.plist */,
			);
			name = "Supporting Files";
			sourceTree = "<group>";
		};
		4AAB966B1ABE7B22000BC584 /* View */ = {
			isa = PBXGroup;
			children = (
				4AAB95EE1ABE495C000BC584 /* LaunchScreen.xib */,
				4AAB95E91ABE495C000BC584 /* Main.storyboard */,
			);
			name = View;
			sourceTree = "<group>";
		};
		4AAB966C1ABE7B36000BC584 /* ViewController */ = {
			isa = PBXGroup;
			children = (
				4AAB95E71ABE495C000BC584 /* ViewController.m */,
				4AAB95E61ABE495C000BC584 /* ViewController.h */,
			);
			name = ViewController;
			sourceTree = "<group>";
		};
/* End PBXGroup section */

/* Begin PBXNativeTarget section */
		4AAB95DB1ABE495C000BC584 /* ParserSample */ = {
			isa = PBXNativeTarget;
			buildConfigurationList = 4AAB95FF1ABE495C000BC584 /* Build configuration list for PBXNativeTarget "ParserSample" */;
			buildPhases = (
				4AAB95D81ABE495C000BC584 /* Sources */,
				4AAB95D91ABE495C000BC584 /* Frameworks */,
				4AAB95DA1ABE495C000BC584 /* Resources */,
			);
			buildRules = (
			);
			dependencies = (
			);
			name = ParserSample;
			productName = ParserSample;
			productReference = 4AAB95DC1ABE495C000BC584 /* ParserSample.app */;
			productType = "com.apple.product-type.application";
		};
		4AAB95F41ABE495C000BC584 /* ParserSampleTests */ = {
			isa = PBXNativeTarget;
			buildConfigurationList = 4AAB96021ABE495C000BC584 /* Build configuration list for PBXNativeTarget "ParserSampleTests" */;
			buildPhases = (
				4AAB95F11ABE495C000BC584 /* Sources */,
				4AAB95F21ABE495C000BC584 /* Frameworks */,
				4AAB95F31ABE495C000BC584 /* Resources */,
			);
			buildRules = (
			);
			dependencies = (
				4AAB95F71ABE495C000BC584 /* PBXTargetDependency */,
			);
			name = ParserSampleTests;
			productName = ParserSampleTests;
			productReference = 4AAB95F51ABE495C000BC584 /* ParserSampleTests.xctest */;
			productType = "com.apple.product-type.bundle.unit-test";
		};
/* End PBXNativeTarget section */

/* Begin PBXProject section */
		4AAB95D41ABE495C000BC584 /* Project object */ = {
			isa = PBXProject;
			attributes = {
				LastUpgradeCheck = 0620;
				ORGANIZATIONNAME = "村松宏紀";
				TargetAttributes = {
					4AAB95DB1ABE495C000BC584 = {
						CreatedOnToolsVersion = 6.2;
					};
					4AAB95F41ABE495C000BC584 = {
						CreatedOnToolsVersion = 6.2;
						TestTargetID = 4AAB95DB1ABE495C000BC584;
					};
				};
			};
			buildConfigurationList = 4AAB95D71ABE495C000BC584 /* Build configuration list for PBXProject "ParserSample" */;
			compatibilityVersion = "Xcode 3.2";
			developmentRegion = English;
			hasScannedForEncodings = 0;
			knownRegions = (
				en,
				Base,
			);
			mainGroup = 4AAB95D31ABE495C000BC584;
			productRefGroup = 4AAB95DD1ABE495C000BC584 /* Products */;
			projectDirPath = "";
			projectRoot = "";
			targets = (
				4AAB95DB1ABE495C000BC584 /* ParserSample */,
				4AAB95F41ABE495C000BC584 /* ParserSampleTests */,
			);
		};
/* End PBXProject section */

/* Begin PBXResourcesBuildPhase section */
		4AAB95DA1ABE495C000BC584 /* Resources */ = {
			isa = PBXResourcesBuildPhase;
			buildActionMask = 2147483647;
			files = (
				4AAB95EB1ABE495C000BC584 /* Main.storyboard in Resources */,
				4AAB95F01ABE495C000BC584 /* LaunchScreen.xib in Resources */,
				4AAB95ED1ABE495C000BC584 /* Images.xcassets in Resources */,
			);
			runOnlyForDeploymentPostprocessing = 0;
		};
		4AAB95F31ABE495C000BC584 /* Resources */ = {
			isa = PBXResourcesBuildPhase;
			buildActionMask = 2147483647;
			files = (
			);
			runOnlyForDeploymentPostprocessing = 0;
		};
/* End PBXResourcesBuildPhase section */

/* Begin PBXSourcesBuildPhase section */
		4AAB95D81ABE495C000BC584 /* Sources */ = {
			isa = PBXSourcesBuildPhase;
			buildActionMask = 2147483647;
			files = (
				4AAB95E81ABE495C000BC584 /* ViewController.m in Sources */,
				4AAB95E51ABE495C000BC584 /* AppDelegate.m in Sources */,
				4AAB95E21ABE495C000BC584 /* main.m in Sources */,
			);
			runOnlyForDeploymentPostprocessing = 0;
		};
		4AAB95F11ABE495C000BC584 /* Sources */ = {
			isa = PBXSourcesBuildPhase;
			buildActionMask = 2147483647;
			files = (
				4AAB95FC1ABE495C000BC584 /* ParserSampleTests.m in Sources */,
			);
			runOnlyForDeploymentPostprocessing = 0;
		};
/* End PBXSourcesBuildPhase section */

/* Begin PBXTargetDependency section */
		4AAB95F71ABE495C000BC584 /* PBXTargetDependency */ = {
			isa = PBXTargetDependency;
			target = 4AAB95DB1ABE495C000BC584 /* ParserSample */;
			targetProxy = 4AAB95F61ABE495C000BC584 /* PBXContainerItemProxy */;
		};
/* End PBXTargetDependency section */

/* Begin PBXVariantGroup section */
		4AAB95E91ABE495C000BC584 /* Main.storyboard */ = {
			isa = PBXVariantGroup;
			children = (
				4AAB95EA1ABE495C000BC584 /* Base */,
			);
			name = Main.storyboard;
			path = ParserSample;
			sourceTree = "<group>";
		};
		4AAB95EE1ABE495C000BC584 /* LaunchScreen.xib */ = {
			isa = PBXVariantGroup;
			children = (
				4AAB95EF1ABE495C000BC584 /* Base */,
			);
			name = LaunchScreen.xib;
			path = ParserSample;
			sourceTree = "<group>";
		};
/* End PBXVariantGroup section */

/* Begin XCBuildConfiguration section */
		4AAB95FD1ABE495C000BC584 /* Debug */ = {
			isa = XCBuildConfiguration;
			buildSettings = {
				ALWAYS_SEARCH_USER_PATHS = NO;
				CLANG_CXX_LANGUAGE_STANDARD = "gnu++0x";
				CLANG_CXX_LIBRARY = "libc++";
				CLANG_ENABLE_MODULES = YES;
				CLANG_ENABLE_OBJC_ARC = YES;
				CLANG_WARN_BOOL_CONVERSION = YES;
				CLANG_WARN_CONSTANT_CONVERSION = YES;
				CLANG_WARN_DIRECT_OBJC_ISA_USAGE = YES_ERROR;
				CLANG_WARN_EMPTY_BODY = YES;
				CLANG_WARN_ENUM_CONVERSION = YES;
				CLANG_WARN_INT_CONVERSION = YES;
				CLANG_WARN_OBJC_ROOT_CLASS = YES_ERROR;
				CLANG_WARN_UNREACHABLE_CODE = YES;
				CLANG_WARN__DUPLICATE_METHOD_MATCH = YES;
				"CODE_SIGN_IDENTITY[sdk=iphoneos*]" = "iPhone Developer";
				COPY_PHASE_STRIP = NO;
				ENABLE_STRICT_OBJC_MSGSEND = YES;
				GCC_C_LANGUAGE_STANDARD = gnu99;
				GCC_DYNAMIC_NO_PIC = NO;
				GCC_OPTIMIZATION_LEVEL = 0;
				GCC_PREPROCESSOR_DEFINITIONS = (
					"DEBUG=1",
					"$(inherited)",
				);
				GCC_SYMBOLS_PRIVATE_EXTERN = NO;
				GCC_WARN_64_TO_32_BIT_CONVERSION = YES;
				GCC_WARN_ABOUT_RETURN_TYPE = YES_ERROR;
				GCC_WARN_UNDECLARED_SELECTOR = YES;
				GCC_WARN_UNINITIALIZED_AUTOS = YES_AGGRESSIVE;
				GCC_WARN_UNUSED_FUNCTION = YES;
				GCC_WARN_UNUSED_VARIABLE = YES;
				IPHONEOS_DEPLOYMENT_TARGET = 8.2;
				MTL_ENABLE_DEBUG_INFO = YES;
				ONLY_ACTIVE_ARCH = YES;
				SDKROOT = iphoneos;
				TARGETED_DEVICE_FAMILY = "1,2";
			};
			name = Debug;
		};
		4AAB95FE1ABE495C000BC584 /* Release */ = {
			isa = XCBuildConfiguration;
			buildSettings = {
				ALWAYS_SEARCH_USER_PATHS = NO;
				CLANG_CXX_LANGUAGE_STANDARD = "gnu++0x";
				CLANG_CXX_LIBRARY = "libc++";
				CLANG_ENABLE_MODULES = YES;
				CLANG_ENABLE_OBJC_ARC = YES;
				CLANG_WARN_BOOL_CONVERSION = YES;
				CLANG_WARN_CONSTANT_CONVERSION = YES;
				CLANG_WARN_DIRECT_OBJC_ISA_USAGE = YES_ERROR;
				CLANG_WARN_EMPTY_BODY = YES;
				CLANG_WARN_ENUM_CONVERSION = YES;
				CLANG_WARN_INT_CONVERSION = YES;
				CLANG_WARN_OBJC_ROOT_CLASS = YES_ERROR;
				CLANG_WARN_UNREACHABLE_CODE = YES;
				CLANG_WARN__DUPLICATE_METHOD_MATCH = YES;
				"CODE_SIGN_IDENTITY[sdk=iphoneos*]" = "iPhone Developer";
				COPY_PHASE_STRIP = NO;
				ENABLE_NS_ASSERTIONS = NO;
				ENABLE_STRICT_OBJC_MSGSEND = YES;
				GCC_C_LANGUAGE_STANDARD = gnu99;
				GCC_WARN_64_TO_32_BIT_CONVERSION = YES;
				GCC_WARN_ABOUT_RETURN_TYPE = YES_ERROR;
				GCC_WARN_UNDECLARED_SELECTOR = YES;
				GCC_WARN_UNINITIALIZED_AUTOS = YES_AGGRESSIVE;
				GCC_WARN_UNUSED_FUNCTION = YES;
				GCC_WARN_UNUSED_VARIABLE = YES;
				IPHONEOS_DEPLOYMENT_TARGET = 8.2;
				MTL_ENABLE_DEBUG_INFO = NO;
				SDKROOT = iphoneos;
				TARGETED_DEVICE_FAMILY = "1,2";
				VALIDATE_PRODUCT = YES;
			};
			name = Release;
		};
		4AAB96001ABE495C000BC584 /* Debug */ = {
			isa = XCBuildConfiguration;
			buildSettings = {
				ASSETCATALOG_COMPILER_APPICON_NAME = AppIcon;
				INFOPLIST_FILE = ParserSample/Info.plist;
				LD_RUNPATH_SEARCH_PATHS = "$(inherited) @executable_path/Frameworks";
				PRODUCT_NAME = ParserSample;
			};
			name = Debug;
		};
		4AAB96011ABE495C000BC584 /* Release */ = {
			isa = XCBuildConfiguration;
			buildSettings = {
				ASSETCATALOG_COMPILER_APPICON_NAME = AppIcon;
				INFOPLIST_FILE = ParserSample/Info.plist;
				LD_RUNPATH_SEARCH_PATHS = "$(inherited) @executable_path/Frameworks";
				PRODUCT_NAME = ParserSample;
			};
			name = Release;
		};
		4AAB96031ABE495C000BC584 /* Debug */ = {
			isa = XCBuildConfiguration;
			buildSettings = {
				BUNDLE_LOADER = "$(TEST_HOST)";
				FRAMEWORK_SEARCH_PATHS = (
					"$(SDKROOT)/Developer/Library/Frameworks",
					"$(inherited)",
				);
				GCC_PREPROCESSOR_DEFINITIONS = (
					"DEBUG=1",
					"$(inherited)",
				);
				INFOPLIST_FILE = ParserSampleTests/Info.plist;
				LD_RUNPATH_SEARCH_PATHS = "$(inherited) @executable_path/Frameworks @loader_path/Frameworks";
				PRODUCT_NAME = ParserSampleTests;
				TEST_HOST = "$(BUILT_PRODUCTS_DIR)/ParserSample.app/ParserSample";
			};
			name = Debug;
		};
		4AAB96041ABE495C000BC584 /* Release */ = {
			isa = XCBuildConfiguration;
			buildSettings = {
				BUNDLE_LOADER = "$(TEST_HOST)";
				FRAMEWORK_SEARCH_PATHS = (
					"$(SDKROOT)/Developer/Library/Frameworks",
					"$(inherited)",
				);
				INFOPLIST_FILE = ParserSampleTests/Info.plist;
				LD_RUNPATH_SEARCH_PATHS = "$(inherited) @executable_path/Frameworks @loader_path/Frameworks";
				PRODUCT_NAME = ParserSampleTests;
				TEST_HOST = "$(BUILT_PRODUCTS_DIR)/ParserSample.app/ParserSample";
			};
			name = Release;
		};
/* End XCBuildConfiguration section */

/* Begin XCConfigurationList section */
		4AAB95D71ABE495C000BC584 /* Build configuration list for PBXProject "ParserSample" */ = {
			isa = XCConfigurationList;
			buildConfigurations = (
				4AAB95FD1ABE495C000BC584 /* Debug */,
				4AAB95FE1ABE495C000BC584 /* Release */,
			);
			defaultConfigurationIsVisible = 0;
			defaultConfigurationName = Release;
		};
		4AAB95FF1ABE495C000BC584 /* Build configuration list for PBXNativeTarget "ParserSample" */ = {
			isa = XCConfigurationList;
			buildConfigurations = (
				4AAB96001ABE495C000BC584 /* Debug */,
				4AAB96011ABE495C000BC584 /* Release */,
			);
			defaultConfigurationIsVisible = 0;
			defaultConfigurationName = Release;
		};
		4AAB96021ABE495C000BC584 /* Build configuration list for PBXNativeTarget "ParserSampleTests" */ = {
			isa = XCConfigurationList;
			buildConfigurations = (
				4AAB96031ABE495C000BC584 /* Debug */,
				4AAB96041ABE495C000BC584 /* Release */,
			);
			defaultConfigurationIsVisible = 0;
			defaultConfigurationName = Release;
		};
/* End XCConfigurationList section */
	};
	rootObject = 4AAB95D41ABE495C000BC584 /* Project object */;
}
